
Microsoft Visual Studio Solution File, Format Version 12.00
Project("{FAE04EC0-301F-11D3-BF4B-00C04F79EFBC}") = "CitizenStatistics", "CitizenStatistics\CitizenStatistics.csproj", "{30D8AB68-0E37-49D8-9D1D-5BA889373DCF}"
EndProject
Project("{FAE04EC0-301F-11D3-BF4B-00C04F79EFBC}") = "CitizenStatisticsTest", "CitizenStatisticsTest\CitizenStatisticsTest.csproj", "{22381D8F-F03D-404E-9C2D-8BA417F97DCF}"
EndProject
Global
	GlobalSection(SolutionConfigurationPlatforms) = preSolution
		Debug|Any CPU = Debug|Any CPU
		Release|Any CPU = Release|Any CPU
	EndGlobalSection
	GlobalSection(ProjectConfigurationPlatforms) = postSolution
		{30D8AB68-0E37-49D8-9D1D-5BA889373DCF}.Debug|Any CPU.ActiveCfg = Debug|Any CPU
		{30D8AB68-0E37-49D8-9D1D-5BA889373DCF}.Debug|Any CPU.Build.0 = Debug|Any CPU
		{30D8AB68-0E37-49D8-9D1D-5BA889373DCF}.Release|Any CPU.ActiveCfg = Release|Any CPU
		{30D8AB68-0E37-49D8-9D1D-5BA889373DCF}.Release|Any CPU.Build.0 = Release|Any CPU
		{22381D8F-F03D-404E-9C2D-8BA417F97DCF}.Debug|Any CPU.ActiveCfg = Debug|Any CPU
		{22381D8F-F03D-404E-9C2D-8BA417F97DCF}.Debug|Any CPU.Build.0 = Debug|Any CPU
		{22381D8F-F03D-404E-9C2D-8BA417F97DCF}.Release|Any CPU.ActiveCfg = Release|Any CPU
		{22381D8F-F03D-404E-9C2D-8BA417F97DCF}.Release|Any CPU.Build.0 = Release|Any CPU
	EndGlobalSection
EndGlobal
